
Microsoft Visual Studio Solution File, Format Version 12.00
# Visual Studio 14
VisualStudioVersion = 14.0.24720.0
MinimumVisualStudioVersion = 10.0.40219.1
Project("{FAE04EC0-301F-11D3-BF4B-00C04F79EFBC}") = "OpenScraping", "OpenScraping\OpenScraping.csproj", "{4579ED3D-E3AA-44B3-8933-610C46EC213A}"
EndProject
Project("{FAE04EC0-301F-11D3-BF4B-00C04F79EFBC}") = "OpenScraping.Tests", "OpenScraping.Tests\OpenScraping.Tests.csproj", "{F9966820-F302-4FFD-BFAF-E16026D6B77F}"
EndProject
Project("{2150E333-8FDC-42A3-9474-1A3956D46DE8}") = "Solution Items", "Solution Items", "{EB0E302D-8480-4E95-B381-6D229C38AA72}"
	ProjectSection(SolutionItems) = preProject
		.travis.yml = .travis.yml
		LICENSE = LICENSE
	EndProjectSection
EndProject
Global
	GlobalSection(SolutionConfigurationPlatforms) = preSolution
		Debug-Net45|Any CPU = Debug-Net45|Any CPU
		Nunit-Net45|Any CPU = Nunit-Net45|Any CPU
		Release-Net40|Any CPU = Release-Net40|Any CPU
		Release-Net45|Any CPU = Release-Net45|Any CPU
	EndGlobalSection
	GlobalSection(ProjectConfigurationPlatforms) = postSolution
		{4579ED3D-E3AA-44B3-8933-610C46EC213A}.Debug-Net45|Any CPU.ActiveCfg = Debug-Net45|Any CPU
		{4579ED3D-E3AA-44B3-8933-610C46EC213A}.Debug-Net45|Any CPU.Build.0 = Debug-Net45|Any CPU
		{4579ED3D-E3AA-44B3-8933-610C46EC213A}.Nunit-Net45|Any CPU.ActiveCfg = Nunit-Net45|Any CPU
		{4579ED3D-E3AA-44B3-8933-610C46EC213A}.Nunit-Net45|Any CPU.Build.0 = Nunit-Net45|Any CPU
		{4579ED3D-E3AA-44B3-8933-610C46EC213A}.Release-Net40|Any CPU.ActiveCfg = Release-Net40|Any CPU
		{4579ED3D-E3AA-44B3-8933-610C46EC213A}.Release-Net40|Any CPU.Build.0 = Release-Net40|Any CPU
		{4579ED3D-E3AA-44B3-8933-610C46EC213A}.Release-Net45|Any CPU.ActiveCfg = Release-Net45|Any CPU
		{4579ED3D-E3AA-44B3-8933-610C46EC213A}.Release-Net45|Any CPU.Build.0 = Release-Net45|Any CPU
		{F9966820-F302-4FFD-BFAF-E16026D6B77F}.Debug-Net45|Any CPU.ActiveCfg = Debug-Net45|Any CPU
		{F9966820-F302-4FFD-BFAF-E16026D6B77F}.Debug-Net45|Any CPU.Build.0 = Debug-Net45|Any CPU
		{F9966820-F302-4FFD-BFAF-E16026D6B77F}.Nunit-Net45|Any CPU.ActiveCfg = Nunit-Net45|Any CPU
		{F9966820-F302-4FFD-BFAF-E16026D6B77F}.Nunit-Net45|Any CPU.Build.0 = Nunit-Net45|Any CPU
		{F9966820-F302-4FFD-BFAF-E16026D6B77F}.Release-Net40|Any CPU.ActiveCfg = Release-Net40|Any CPU
		{F9966820-F302-4FFD-BFAF-E16026D6B77F}.Release-Net45|Any CPU.ActiveCfg = Release-Net45|Any CPU
		{F9966820-F302-4FFD-BFAF-E16026D6B77F}.Release-Net45|Any CPU.Build.0 = Release-Net45|Any CPU
	EndGlobalSection
	GlobalSection(SolutionProperties) = preSolution
		HideSolutionNode = FALSE
	EndGlobalSection
EndGlobal
